https://beta.quicklisp.org/archive/alexandria/2023-10-21/alexandria-20231021-git.tgz 732c8c71bcf61b9f48a9867c2e1742a5 alexandria-20231021-git.tgz
https://beta.quicklisp.org/archive/hunchentoot/2020-06-10/hunchentoot-v1.3.0.tgz b1bb0c8df41a0ffaba4309e5084930fe hunchentoot-v1.3.0.tgz
https://beta.quicklisp.org/archive/chunga/2023-10-21/chunga-20231021-git.tgz 658ef8a6c45656858011bc89a41f9f85 chunga-20231021-git.tgz
https://beta.quicklisp.org/archive/trivial-gray-streams/2023-10-21/trivial-gray-streams-20231021-git.tgz 5dad8bf0a80001211699ceba568519b6 trivial-gray-streams-20231021-git.tgz
https://beta.quicklisp.org/archive/cl-base64/2020-10-16/cl-base64-20201016-git.tgz f556f7c61f785c84abdc1beb63c906ae cl-base64-20201016-git.tgz
https://beta.quicklisp.org/archive/cl-fad/2022-02-20/cl-fad-20220220-git.tgz 5caa98f5badf1d84ae385a3937ee2e01 cl-fad-20220220-git.tgz
https://beta.quicklisp.org/archive/bordeaux-threads/2023-10-21/bordeaux-threads-v0.9.3.tgz e5f9ca5d00c0d8158bc4ec49a7934917 bordeaux-threads-v0.9.3.tgz
https://beta.quicklisp.org/archive/global-vars/2014-11-06/global-vars-20141106-git.tgz dd3153ee75c972a80450aa00644b2200 global-vars-20141106-git.tgz
https://beta.quicklisp.org/archive/trivial-features/2023-06-18/trivial-features-20230618-git.tgz c412adcd001cd977cebde932a77743f9 trivial-features-20230618-git.tgz
https://beta.quicklisp.org/archive/trivial-garbage/2023-10-21/trivial-garbage-20231021-git.tgz 02da474ff3100c17af38f60a8f651339 trivial-garbage-20231021-git.tgz
https://beta.quicklisp.org/archive/cl-ppcre/2023-06-18/cl-ppcre-20230618-git.tgz a5b778a98a222e02c615623dac040014 cl-ppcre-20230618-git.tgz
https://beta.quicklisp.org/archive/flexi-streams/2022-02-20/flexi-streams-20220220-git.tgz eb1f06b71bb83512d730bb47225a45cb flexi-streams-20220220-git.tgz
https://beta.quicklisp.org/archive/cl+ssl/2023-10-21/cl+ssl-20231021-git.tgz b795bb98b52b7b893c52689c10b6d9f3 cl+ssl-20231021-git.tgz
https://beta.quicklisp.org/archive/cffi/2023-10-21/cffi-20231021-git.tgz 98ef8d1b4806820e1bad57b6288abbc7 cffi-20231021-git.tgz
https://beta.quicklisp.org/archive/uiop/2023-06-18/uiop-3.3.6.tgz 812e0f5ac2fbe27ff485c9b00a6a3ad2 uiop-3.3.6.tgz
https://beta.quicklisp.org/archive/babel/2023-02-14/babel-20230214-git.tgz 7deba1b454acd18cabd21b43a0cc8778 babel-20230214-git.tgz
https://beta.quicklisp.org/archive/usocket/2023-06-18/usocket-0.8.6.tgz bdb7ae4f3d3c88e08c51b0e81beb43f4 usocket-0.8.6.tgz
https://beta.quicklisp.org/archive/split-sequence/2021-05-31/split-sequence-v2.0.1.tgz 871be321b4dbca0a1f958927e9173795 split-sequence-v2.0.1.tgz
https://beta.quicklisp.org/archive/md5/2021-06-30/md5-20210630-git.tgz ecb1fa8eea6848c2f14fdfeb03d47056 md5-20210630-git.tgz
https://beta.quicklisp.org/archive/rfc2388/2018-08-31/rfc2388-20180831-git.tgz f57e3c588e5e08210516260e67d69226 rfc2388-20180831-git.tgz
https://beta.quicklisp.org/archive/trivial-backtrace/2023-02-14/trivial-backtrace-20230214-git.tgz e4ca5a103fd923b398fd7795b432cbec trivial-backtrace-20230214-git.tgz
https://beta.quicklisp.org/archive/spinneret/2023-10-21/spinneret-20231021-git.tgz effcb16a5b5bdb5acda9b0ef8f127d00 spinneret-20231021-git.tgz
https://beta.quicklisp.org/archive/parenscript/2018-12-10/Parenscript-2.7.1.tgz 047c9a72bd36f1b4a5ec67af9453a0b9 Parenscript-2.7.1.tgz
https://beta.quicklisp.org/archive/anaphora/2022-02-20/anaphora-20220220-git.tgz f773589c518c8fd4d1be7baf2ff757a3 anaphora-20220220-git.tgz
https://beta.quicklisp.org/archive/named-readtables/2023-10-21/named-readtables-20231021-git.tgz e46b8ca7d469b4e7a2e10695dc5c7c11 named-readtables-20231021-git.tgz
https://beta.quicklisp.org/archive/mgl-pax/2023-10-21/mgl-pax-20231021-git.tgz 17f307790894457289dc3b82f6cf0aee mgl-pax-20231021-git.tgz
https://beta.quicklisp.org/archive/serapeum/2023-10-21/serapeum-20231021-git.tgz 92ae0bbfb303a751b14db4f3a4d132cf serapeum-20231021-git.tgz
https://beta.quicklisp.org/archive/trivia/2023-06-18/trivia-20230618-git.tgz 00d4bfcd1d33f1bf004e8b6f3170deae trivia-20230618-git.tgz
https://beta.quicklisp.org/archive/lisp-namespace/2022-11-06/lisp-namespace-20221106-git.tgz cd8e7c45781e579ae534b5704cd4de6c lisp-namespace-20221106-git.tgz
https://beta.quicklisp.org/archive/closer-mop/2023-10-21/closer-mop-20231021-git.tgz 0dc8ea9dadb93aeded7dcc4a447cea9f closer-mop-20231021-git.tgz
https://beta.quicklisp.org/archive/trivial-cltl2/2021-12-30/trivial-cltl2-20211230-git.tgz 1724626b5c6081d9d8860640166c69a7 trivial-cltl2-20211230-git.tgz
https://beta.quicklisp.org/archive/type-i/2023-02-14/type-i-20230214-git.tgz 11b528b02d2a40a5d80608512dd7b0c1 type-i-20230214-git.tgz
https://beta.quicklisp.org/archive/introspect-environment/2022-02-20/introspect-environment-20220220-git.tgz e2a9864b2f9792f31ad20b44ea25a58b introspect-environment-20220220-git.tgz
https://beta.quicklisp.org/archive/iterate/2021-05-31/iterate-release-b0f9a9c6-git.tgz 0b2661e9b8195f3e5891aa14601e5a69 iterate-release-b0f9a9c6-git.tgz
https://beta.quicklisp.org/archive/string-case/2018-07-11/string-case-20180711-git.tgz 145c4e13f1e90a070b0a95ca979a9680 string-case-20180711-git.tgz
https://beta.quicklisp.org/archive/parse-number/2018-02-28/parse-number-v1.7.tgz b9ec925018b8f10193d73403873dde8f parse-number-v1.7.tgz
https://beta.quicklisp.org/archive/parse-declarations/2010-10-06/parse-declarations-20101006-darcs.tgz e49222003e5b59c5c2a0cf58b86cfdcd parse-declarations-20101006-darcs.tgz
https://beta.quicklisp.org/archive/trivial-file-size/2022-11-06/trivial-file-size-20221106-git.tgz 8293365da6dc57f4831f5e0a56f8bb56 trivial-file-size-20221106-git.tgz
https://beta.quicklisp.org/archive/trivial-macroexpand-all/2017-10-23/trivial-macroexpand-all-20171023-git.tgz 9cec494869344eb64ebce802c01928c5 trivial-macroexpand-all-20171023-git.tgz
https://beta.quicklisp.org/archive/cl-dbi/2023-10-21/cl-dbi-20231021-git.tgz f53ccdd8181f65108b96be2042b1e1b1 cl-dbi-20231021-git.tgz
https://beta.quicklisp.org/archive/datafly/2023-10-21/datafly-20231021-git.tgz a38cb4128132ebe3430e5001ad88a35d datafly-20231021-git.tgz
https://beta.quicklisp.org/archive/optima/2015-07-09/optima-20150709-git.tgz 20523dc3dfc04bb2526008dff0842caa optima-20150709-git.tgz
https://beta.quicklisp.org/archive/trivial-types/2012-04-07/trivial-types-20120407-git.tgz b14dbe0564dcea33d8f4e852a612d7db trivial-types-20120407-git.tgz
https://beta.quicklisp.org/archive/sxql/2023-10-21/sxql-20231021-git.tgz cc648e45a58f270a673a3fc5649dc899 sxql-20231021-git.tgz
https://beta.quicklisp.org/archive/cl-annot/2015-06-08/cl-annot-20150608-git.tgz 35d8f79311bda4dd86002d11edcd0a21 cl-annot-20150608-git.tgz
https://beta.quicklisp.org/archive/cl-package-locks/2011-12-03/cl-package-locks-20111203-git.tgz 27ed43ed35ef89c3b1d7c5b2594f854c cl-package-locks-20111203-git.tgz
https://beta.quicklisp.org/archive/local-time/2023-10-21/local-time-20231021-git.tgz b181523f77c53f2bb4b0984a71ef7f1b local-time-20231021-git.tgz
https://beta.quicklisp.org/archive/function-cache/2023-10-21/function-cache-20231021-git.tgz 4c80c3353d26f6c0b722a7dd802bb602 function-cache-20231021-git.tgz
https://beta.quicklisp.org/archive/cl-interpol/2022-11-06/cl-interpol-20221106-git.tgz cc2335e703dea4016af0ce935a5dd07e cl-interpol-20221106-git.tgz
https://beta.quicklisp.org/archive/cl-unicode/2021-02-28/cl-unicode-20210228-git.tgz 5b3bdddde3be5b8427e3fac92495a10b cl-unicode-20210228-git.tgz
https://beta.quicklisp.org/archive/symbol-munger/2022-02-20/symbol-munger-20220220-git.tgz 1490f027785e2ca1ec7cd138cd2864ce symbol-munger-20220220-git.tgz
https://beta.quicklisp.org/archive/jonathan/2020-09-25/jonathan-20200925-git.tgz 27cad3c107544f587f9f33295c10d81e jonathan-20200925-git.tgz
https://beta.quicklisp.org/archive/cl-syntax/2015-04-07/cl-syntax-20150407-git.tgz 602b84143aafe59d65f4e08ac20a124a cl-syntax-20150407-git.tgz
https://beta.quicklisp.org/archive/fast-io/2022-11-06/fast-io-20221106-git.tgz 5a51bb7c1d97e954a5b7a4860a561edb fast-io-20221106-git.tgz
https://beta.quicklisp.org/archive/static-vectors/2021-06-30/static-vectors-v1.8.9.tgz f14b819c0d55e7fbd28e9b4a0bb3bfc9 static-vectors-v1.8.9.tgz
https://beta.quicklisp.org/archive/proc-parse/2019-08-13/proc-parse-20190813-git.tgz 99bdce79943071267c6a877d8de246c5 proc-parse-20190813-git.tgz
https://beta.quicklisp.org/archive/kebab/2015-06-08/kebab-20150608-git.tgz b7136a488e5f7f202fd74c59516cac8e kebab-20150608-git.tgz
https://beta.quicklisp.org/archive/log4cl/2023-06-18/log4cl-20230618-git.tgz 4b80485879662a02887858163195480a log4cl-20230618-git.tgz
https://beta.quicklisp.org/archive/anypool/2023-10-21/anypool-20231021-git.tgz 6793fa4b323b39f33b198e386e8a00ed anypool-20231021-git.tgz
https://beta.quicklisp.org/archive/cl-speedy-queue/2015-03-02/cl-speedy-queue-20150302-git.tgz 509d1acf7e4cfcef99127de75b16521f cl-speedy-queue-20150302-git.tgz
https://beta.quicklisp.org/archive/cl-migratum/2023-10-21/cl-migratum-20231021-git.tgz b89f99ff3e05e9e0568eaa6152c84914 cl-migratum-20231021-git.tgz
https://beta.quicklisp.org/archive/cl-ascii-table/2020-06-10/cl-ascii-table-20200610-git.tgz 6f2eaaae3fb03ba719d77ed3ffaeaf4f cl-ascii-table-20200610-git.tgz
https://beta.quicklisp.org/archive/cl-reexport/2021-02-28/cl-reexport-20210228-git.tgz e083a9c49fe39d65f1ff7743eebe37c2 cl-reexport-20210228-git.tgz
https://beta.quicklisp.org/archive/ironclad/2023-10-21/ironclad-v0.59.tgz a7fd811f8b6f2a3e8c75e48cdf781fb3 ironclad-v0.59.tgz
https://beta.quicklisp.org/archive/myway/2022-11-06/myway-20221106-git.tgz 81c32575181b11f9a9cb6a58ed6dbeea myway-20221106-git.tgz
https://beta.quicklisp.org/archive/quri/2023-06-18/quri-20230618-git.tgz 7845817b5a4e3c25c17b02848fa0737f quri-20230618-git.tgz
https://beta.quicklisp.org/archive/cl-utilities/2010-10-06/cl-utilities-1.2.4.tgz c3a4ba38b627448d3ed40ce888048940 cl-utilities-1.2.4.tgz
https://beta.quicklisp.org/archive/map-set/2023-06-18/map-set-20230618-git.tgz d9fceed18a2c365ea33f9f2f861c8ce1 map-set-20230618-git.tgz
https://beta.quicklisp.org/archive/hunchentoot-errors/2023-10-21/hunchentoot-errors-20231021-git.tgz f5092f224f679139d81caa7663925909 hunchentoot-errors-20231021-git.tgz
https://beta.quicklisp.org/archive/cl-mimeparse/2021-05-31/cl-mimeparse-20210531-git.tgz 0ed931e948aacc4b573e3e3a64ba62c9 cl-mimeparse-20210531-git.tgz
https://beta.quicklisp.org/archive/jzon/2023-10-21/jzon-v1.1.2.tgz 985209d2191ac8a4c2625bee4570dc46 jzon-v1.1.2.tgz
https://beta.quicklisp.org/archive/float-features/2023-10-21/float-features-20231021-git.tgz 079ebfb72e1af081aed8d8bcc65056c1 float-features-20231021-git.tgz
https://beta.quicklisp.org/archive/documentation-utils/2023-10-21/documentation-utils-20231021-git.tgz fc82274b8823e4c155d8b1cb551c8baf documentation-utils-20231021-git.tgz
https://beta.quicklisp.org/archive/trivial-indent/2023-10-21/trivial-indent-20231021-git.tgz 02c224c3faaa8c7752e4ead526ad2e96 trivial-indent-20231021-git.tgz
https://beta.quicklisp.org/archive/plump/2023-10-21/plump-20231021-git.tgz 7c36cddb7c9642c9ef830a6d171c8898 plump-20231021-git.tgz
https://beta.quicklisp.org/archive/array-utils/2023-10-21/array-utils-20231021-git.tgz 72b1ec7670a96c6e375f42d58d89f3dc array-utils-20231021-git.tgz
https://beta.quicklisp.org/archive/dexador/2023-10-21/dexador-20231021-git.tgz 0399d780436d186cf5ccfb5a2f4df4eb dexador-20231021-git.tgz
https://beta.quicklisp.org/archive/fast-http/2023-10-21/fast-http-20231021-git.tgz 5ec4440ce3df289cef67be034da2c29d fast-http-20231021-git.tgz
https://beta.quicklisp.org/archive/xsubseq/2017-08-30/xsubseq-20170830-git.tgz 960bb8f329649b6e4b820e065e6b38e8 xsubseq-20170830-git.tgz
https://beta.quicklisp.org/archive/smart-buffer/2021-10-20/smart-buffer-20211020-git.tgz d09d02788667d987b3988b6de09d09c3 smart-buffer-20211020-git.tgz
https://beta.quicklisp.org/archive/cl-cookie/2022-07-07/cl-cookie-20220707-git.tgz 87eb880bb2cf1f7d068dace80b6dc83e cl-cookie-20220707-git.tgz
https://beta.quicklisp.org/archive/trivial-mimes/2023-10-21/trivial-mimes-20231021-git.tgz cccad942472f6af53e55dae64f70efe8 trivial-mimes-20231021-git.tgz
https://beta.quicklisp.org/archive/chipz/2023-06-18/chipz-20230618-git.tgz c67e0dd777e6dd9b463bc433a32d90a9 chipz-20230618-git.tgz
https://beta.quicklisp.org/archive/access/2022-07-07/access-20220707-git.tgz b7f64a742caf1d5a1dbc4eee614703ee access-20220707-git.tgz
